
Microsoft Visual Studio Solution File, Format Version 12.00
# Visual Studio Version 17
VisualStudioVersion = 17.11.35312.102
MinimumVisualStudioVersion = 10.0.40219.1
Project("{FAE04EC0-301F-11D3-BF4B-00C04F79EFBC}") = "OOPR_FinalProject", "OOPR_FinalProject\OOPR_FinalProject.csproj", "{1117695C-0B25-4C8D-86F7-CC91FAF3F4FD}"
EndProject
Global
	GlobalSection(SolutionConfigurationPlatforms) = preSolution
		Debug|Any CPU = Debug|Any CPU
		Release|Any CPU = Release|Any CPU
	EndGlobalSection
	GlobalSection(ProjectConfigurationPlatforms) = postSolution
		{1117695C-0B25-4C8D-86F7-CC91FAF3F4FD}.Debug|Any CPU.ActiveCfg = Debug|Any CPU
		{1117695C-0B25-4C8D-86F7-CC91FAF3F4FD}.Debug|Any CPU.Build.0 = Debug|Any CPU
		{1117695C-0B25-4C8D-86F7-CC91FAF3F4FD}.Release|Any CPU.ActiveCfg = Release|Any CPU
		{1117695C-0B25-4C8D-86F7-CC91FAF3F4FD}.Release|Any CPU.Build.0 = Release|Any CPU
	EndGlobalSection
	GlobalSection(SolutionProperties) = preSolution
		HideSolutionNode = FALSE
	EndGlobalSection
	GlobalSection(ExtensibilityGlobals) = postSolution
		SolutionGuid = {FDC04BB7-694C-4842-82EA-D91B12DE8716}
	EndGlobalSection
EndGlobal
